
Microsoft Visual Studio Solution File, Format Version 12.00
Project("{FAE04EC0-301F-11D3-BF4B-00C04F79EFBC}") = "BulkyWebApp", "BulkyWebApp\BulkyWebApp.csproj", "{FFFEB822-465B-4399-A7E9-8C0F470E8732}"
EndProject
Project("{FAE04EC0-301F-11D3-BF4B-00C04F79EFBC}") = "BulkyRazer", "BulkyRazer\BulkyRazer.csproj", "{913CCFDE-713B-456F-B9BC-94D946A07016}"
EndProject
Global
	GlobalSection(SolutionConfigurationPlatforms) = preSolution
		Debug|Any CPU = Debug|Any CPU
		Release|Any CPU = Release|Any CPU
	EndGlobalSection
	GlobalSection(ProjectConfigurationPlatforms) = postSolution
		{FFFEB822-465B-4399-A7E9-8C0F470E8732}.Debug|Any CPU.ActiveCfg = Debug|Any CPU
		{FFFEB822-465B-4399-A7E9-8C0F470E8732}.Debug|Any CPU.Build.0 = Debug|Any CPU
		{FFFEB822-465B-4399-A7E9-8C0F470E8732}.Release|Any CPU.ActiveCfg = Release|Any CPU
		{FFFEB822-465B-4399-A7E9-8C0F470E8732}.Release|Any CPU.Build.0 = Release|Any CPU
		{913CCFDE-713B-456F-B9BC-94D946A07016}.Debug|Any CPU.ActiveCfg = Debug|Any CPU
		{913CCFDE-713B-456F-B9BC-94D946A07016}.Debug|Any CPU.Build.0 = Debug|Any CPU
		{913CCFDE-713B-456F-B9BC-94D946A07016}.Release|Any CPU.ActiveCfg = Release|Any CPU
		{913CCFDE-713B-456F-B9BC-94D946A07016}.Release|Any CPU.Build.0 = Release|Any CPU
	EndGlobalSection
EndGlobal
